{
  "name": "aut-labs",
  "lockfileVersion": 2,
  "requires": true,
  "packages": {
    "": {
      "dependencies": {
        "@aut-labs/contracts": "github:aut-labs/contracts"
      }
    },
    "node_modules/@aut-labs/contracts": {
      "version": "0.0.1",
      "resolved": "git+ssh://git@github.com/aut-labs/contracts.git#2ce835ebaf5106ce5a06bd20ce8251cf94b077bc",
      "license": "ISC",
      "dependencies": {
        "@opengsn/contracts": "^3.0.0-beta.1",
        "@openzeppelin/contracts": "^5.0.1",
        "@openzeppelin/contracts-upgradeable": "^5.0.1"
      }
    },
    "node_modules/@aut-labs/contracts/node_modules/@openzeppelin/contracts": {
      "version": "5.0.1",
      "resolved": "https://registry.npmjs.org/@openzeppelin/contracts/-/contracts-5.0.1.tgz",
      "integrity": "sha512-yQJaT5HDp9hYOOp4jTYxMsR02gdFZFXhewX5HW9Jo4fsqSVqqyIO/xTHdWDaKX5a3pv1txmf076Lziz+sO7L1w=="
    },
    "node_modules/@aut-labs/contracts/node_modules/@openzeppelin/contracts-upgradeable": {
      "version": "5.0.1",
      "resolved": "https://registry.npmjs.org/@openzeppelin/contracts-upgradeable/-/contracts-upgradeable-5.0.1.tgz",
      "integrity": "sha512-MvaLoPnVcoZr/qqZP+4cl9piuR4gg0iIGgxVSZ/AL1iId3M6IdEHzz9Naw5Lirl4KKBI6ciTVnX07yL4dOMIJg==",
      "peerDependencies": {
        "@openzeppelin/contracts": "5.0.1"
      }
    },
    "node_modules/@opengsn/contracts": {
      "version": "3.0.0-beta.6",
      "resolved": "https://registry.npmjs.org/@opengsn/contracts/-/contracts-3.0.0-beta.6.tgz",
      "integrity": "sha512-zqd7BG339Uq5bfx40CwKXr2waaJqLN9qBVllcWhKBGnkZPKR59wVIPh2zTNzvLorndMRWB3TnOQxAr6tZKjwGQ==",
      "dependencies": {
        "@openzeppelin/contracts": "^4.2.0"
      }
    },
    "node_modules/@openzeppelin/contracts": {
      "version": "4.9.5",
      "resolved": "https://registry.npmjs.org/@openzeppelin/contracts/-/contracts-4.9.5.tgz",
      "integrity": "sha512-ZK+W5mVhRppff9BE6YdR8CC52C8zAvsVAiWhEtQ5+oNxFE6h1WdeWo+FJSF8KKvtxxVYZ7MTP/5KoVpAU3aSWg=="
    }
  },
  "dependencies": {
    "@aut-labs/contracts": {
      "version": "git+ssh://git@github.com/aut-labs/contracts.git#2ce835ebaf5106ce5a06bd20ce8251cf94b077bc",
      "from": "@aut-labs/contracts@aut-labs/contracts",
      "requires": {
        "@opengsn/contracts": "^3.0.0-beta.1",
        "@openzeppelin/contracts": "^5.0.1",
        "@openzeppelin/contracts-upgradeable": "^5.0.1"
      },
      "dependencies": {
        "@openzeppelin/contracts": {
          "version": "5.0.1",
          "resolved": "https://registry.npmjs.org/@openzeppelin/contracts/-/contracts-5.0.1.tgz",
          "integrity": "sha512-yQJaT5HDp9hYOOp4jTYxMsR02gdFZFXhewX5HW9Jo4fsqSVqqyIO/xTHdWDaKX5a3pv1txmf076Lziz+sO7L1w=="
        },
        "@openzeppelin/contracts-upgradeable": {
          "version": "5.0.1",
          "resolved": "https://registry.npmjs.org/@openzeppelin/contracts-upgradeable/-/contracts-upgradeable-5.0.1.tgz",
          "integrity": "sha512-MvaLoPnVcoZr/qqZP+4cl9piuR4gg0iIGgxVSZ/AL1iId3M6IdEHzz9Naw5Lirl4KKBI6ciTVnX07yL4dOMIJg==",
          "requires": {}
        }
      }
    },
    "@opengsn/contracts": {
      "version": "3.0.0-beta.6",
      "resolved": "https://registry.npmjs.org/@opengsn/contracts/-/contracts-3.0.0-beta.6.tgz",
      "integrity": "sha512-zqd7BG339Uq5bfx40CwKXr2waaJqLN9qBVllcWhKBGnkZPKR59wVIPh2zTNzvLorndMRWB3TnOQxAr6tZKjwGQ==",
      "requires": {
        "@openzeppelin/contracts": "^4.2.0"
      }
    },
    "@openzeppelin/contracts": {
      "version": "4.9.5",
      "resolved": "https://registry.npmjs.org/@openzeppelin/contracts/-/contracts-4.9.5.tgz",
      "integrity": "sha512-ZK+W5mVhRppff9BE6YdR8CC52C8zAvsVAiWhEtQ5+oNxFE6h1WdeWo+FJSF8KKvtxxVYZ7MTP/5KoVpAU3aSWg=="
    }
  }
}
