{
  "name": "aut-labs",
  "lockfileVersion": 2,
  "requires": true,
  "packages": {
    "": {
      "dependencies": {
        "@aut-labs/contracts": "github:aut-labs/contracts#dev-main"
      }
    },
    "node_modules/@aut-labs/contracts": {
      "version": "0.0.1",
      "resolved": "git+ssh://git@github.com/aut-labs/contracts.git#1d720cba7a6ea4a3ba333274b0806e56dd4233bf",
      "license": "ISC",
      "dependencies": {
        "@opengsn/contracts": "^3.0.0-beta.1",
        "@openzeppelin/contracts": "^4.6.0",
        "@openzeppelin/contracts-upgradeable": "^4.7.3"
      }
    },
    "node_modules/@opengsn/contracts": {
      "version": "3.0.0-beta.6",
      "resolved": "https://registry.npmjs.org/@opengsn/contracts/-/contracts-3.0.0-beta.6.tgz",
      "integrity": "sha512-zqd7BG339Uq5bfx40CwKXr2waaJqLN9qBVllcWhKBGnkZPKR59wVIPh2zTNzvLorndMRWB3TnOQxAr6tZKjwGQ==",
      "dependencies": {
        "@openzeppelin/contracts": "^4.2.0"
      }
    },
    "node_modules/@openzeppelin/contracts": {
      "version": "4.9.5",
      "resolved": "https://registry.npmjs.org/@openzeppelin/contracts/-/contracts-4.9.5.tgz",
      "integrity": "sha512-ZK+W5mVhRppff9BE6YdR8CC52C8zAvsVAiWhEtQ5+oNxFE6h1WdeWo+FJSF8KKvtxxVYZ7MTP/5KoVpAU3aSWg=="
    },
    "node_modules/@openzeppelin/contracts-upgradeable": {
      "version": "4.9.5",
      "resolved": "https://registry.npmjs.org/@openzeppelin/contracts-upgradeable/-/contracts-upgradeable-4.9.5.tgz",
      "integrity": "sha512-f7L1//4sLlflAN7fVzJLoRedrf5Na3Oal5PZfIq55NFcVZ90EpV1q5xOvL4lFvg3MNICSDr2hH0JUBxwlxcoPg=="
    }
  },
  "dependencies": {
    "@aut-labs/contracts": {
      "version": "git+ssh://git@github.com/aut-labs/contracts.git#1d720cba7a6ea4a3ba333274b0806e56dd4233bf",
      "from": "@aut-labs/contracts@github:aut-labs/contracts#dev-main",
      "requires": {
        "@opengsn/contracts": "^3.0.0-beta.1",
        "@openzeppelin/contracts": "^4.6.0",
        "@openzeppelin/contracts-upgradeable": "^4.7.3"
      }
    },
    "@opengsn/contracts": {
      "version": "3.0.0-beta.6",
      "resolved": "https://registry.npmjs.org/@opengsn/contracts/-/contracts-3.0.0-beta.6.tgz",
      "integrity": "sha512-zqd7BG339Uq5bfx40CwKXr2waaJqLN9qBVllcWhKBGnkZPKR59wVIPh2zTNzvLorndMRWB3TnOQxAr6tZKjwGQ==",
      "requires": {
        "@openzeppelin/contracts": "^4.2.0"
      }
    },
    "@openzeppelin/contracts": {
      "version": "4.9.5",
      "resolved": "https://registry.npmjs.org/@openzeppelin/contracts/-/contracts-4.9.5.tgz",
      "integrity": "sha512-ZK+W5mVhRppff9BE6YdR8CC52C8zAvsVAiWhEtQ5+oNxFE6h1WdeWo+FJSF8KKvtxxVYZ7MTP/5KoVpAU3aSWg=="
    },
    "@openzeppelin/contracts-upgradeable": {
      "version": "4.9.5",
      "resolved": "https://registry.npmjs.org/@openzeppelin/contracts-upgradeable/-/contracts-upgradeable-4.9.5.tgz",
      "integrity": "sha512-f7L1//4sLlflAN7fVzJLoRedrf5Na3Oal5PZfIq55NFcVZ90EpV1q5xOvL4lFvg3MNICSDr2hH0JUBxwlxcoPg=="
    }
  }
}
